# THIS IS AN AUTOGENERATED FILE. DO NOT EDIT THIS FILE DIRECTLY.
# yarn lockfile v1


"@assemblyscript/wasi-shim@^0.1.0":
  version "0.1.0"
  resolved "https://registry.yarnpkg.com/@assemblyscript/wasi-shim/-/wasi-shim-0.1.0.tgz#967108ee5e2a21dea1378af6313ff2a0d7a5c8dd"
  integrity sha512-fSLH7MdJHf2uDW5llA5VCF/CG62Jp2WkYGui9/3vIWs3jDhViGeQF7nMYLUjpigluM5fnq61I6obtCETy39FZw==

assemblyscript@^0.27.22:
  version "0.27.22"
  resolved "https://registry.yarnpkg.com/assemblyscript/-/assemblyscript-0.27.22.tgz#5825828602119c90173e974a4b55ac88769598d3"
  integrity sha512-6ClobsR4Hxn6K0daYp/+n9qWTqVbpdVeSGSVDqRvUEz66vvFb8atS6nLm+fnQ54JXuXmzLQy0uWYYgB8G59btQ==
  dependencies:
    binaryen "116.0.0-nightly.20231102"
    long "^5.2.1"

binaryen@116.0.0-nightly.20231102:
  version "116.0.0-nightly.20231102"
  resolved "https://registry.yarnpkg.com/binaryen/-/binaryen-116.0.0-nightly.20231102.tgz#0bbf0181ef8a4d963859b1bf68c9bd2d24911dc7"
  integrity sha512-aPU9tlKdw/gcXx6u4PxtDgOtGjg/ZKnYdk23ctYb70GxZgPhWnGWmnBt01aV5dt5yFFo2V4rbB7SzpSFhViFQA==

long@^5.2.1:
  version "5.2.3"
  resolved "https://registry.yarnpkg.com/long/-/long-5.2.3.tgz#a3ba97f3877cf1d778eccbcb048525ebb77499e1"
  integrity sha512-lcHwpNoggQTObv5apGNCTdJrO69eHOZMi4BNC+rTLER8iHAqGrUVeLh/irVIM7zTw2bOXA8T6uNPeujwOLg/2Q==
